Microsoft Visual Studio Solution File, Format Version 11.00
# Visual Studio 2008

Project("{E75171D2-9771-C479-CC11-5243AD7DAC4C}") = "Bubble Game", "Assembly-CSharp.csproj", "{B94D16A4-050F-E651-E3DD-D9AE17008B79}"
EndProject
Global
	GlobalSection(SolutionConfigurationPlatforms) = preSolution
		Debug|Any CPU = Debug|Any CPU
		Release|Any CPU = Release|Any CPU
	EndGlobalSection
	GlobalSection(ProjectConfigurationPlatforms) = postSolution
		{B94D16A4-050F-E651-E3DD-D9AE17008B79}.Debug|Any CPU.ActiveCfg = Debug|Any CPU
		{B94D16A4-050F-E651-E3DD-D9AE17008B79}.Debug|Any CPU.Build.0 = Debug|Any CPU
		{B94D16A4-050F-E651-E3DD-D9AE17008B79}.Release|Any CPU.ActiveCfg = Release|Any CPU
		{B94D16A4-050F-E651-E3DD-D9AE17008B79}.Release|Any CPU.Build.0 = Release|Any CPU
	EndGlobalSection
	GlobalSection(SolutionProperties) = preSolution
		HideSolutionNode = FALSE
	EndGlobalSection
	GlobalSection(MonoDevelopProperties) = preSolution
		StartupItem = Assembly-CSharp.csproj
	EndGlobalSection
EndGlobal
